
Microsoft Visual Studio Solution File, Format Version 12.00
# Visual Studio Version 16
VisualStudioVersion = 16.0.29209.62
MinimumVisualStudioVersion = 10.0.40219.1
Project("{FAE04EC0-301F-11D3-BF4B-00C04F79EFBC}") = "TestInject", "TestInject\TestInject.csproj", "{06D14FCA-581B-4E1E-BA59-7666B293D4A1}"
EndProject
Global
	GlobalSection(SolutionConfigurationPlatforms) = preSolution
		Debug|Any CPU = Debug|Any CPU
		Debug|x64 = Debug|x64
		Release|Any CPU = Release|Any CPU
		Release|x64 = Release|x64
		x86|Any CPU = x86|Any CPU
		x86|x64 = x86|x64
	EndGlobalSection
	GlobalSection(ProjectConfigurationPlatforms) = postSolution
		{06D14FCA-581B-4E1E-BA59-7666B293D4A1}.Debug|Any CPU.ActiveCfg = Debug|Any CPU
		{06D14FCA-581B-4E1E-BA59-7666B293D4A1}.Debug|Any CPU.Build.0 = Debug|Any CPU
		{06D14FCA-581B-4E1E-BA59-7666B293D4A1}.Debug|x64.ActiveCfg = Debug|x64
		{06D14FCA-581B-4E1E-BA59-7666B293D4A1}.Debug|x64.Build.0 = Debug|x64
		{06D14FCA-581B-4E1E-BA59-7666B293D4A1}.Release|Any CPU.ActiveCfg = Release|Any CPU
		{06D14FCA-581B-4E1E-BA59-7666B293D4A1}.Release|Any CPU.Build.0 = Release|Any CPU
		{06D14FCA-581B-4E1E-BA59-7666B293D4A1}.Release|x64.ActiveCfg = Release|x64
		{06D14FCA-581B-4E1E-BA59-7666B293D4A1}.Release|x64.Build.0 = Release|x64
		{06D14FCA-581B-4E1E-BA59-7666B293D4A1}.x86|Any CPU.ActiveCfg = x86|Any CPU
		{06D14FCA-581B-4E1E-BA59-7666B293D4A1}.x86|Any CPU.Build.0 = x86|Any CPU
		{06D14FCA-581B-4E1E-BA59-7666B293D4A1}.x86|x64.ActiveCfg = x86|x64
		{06D14FCA-581B-4E1E-BA59-7666B293D4A1}.x86|x64.Build.0 = x86|x64
	EndGlobalSection
	GlobalSection(SolutionProperties) = preSolution
		HideSolutionNode = FALSE
	EndGlobalSection
	GlobalSection(ExtensibilityGlobals) = postSolution
		SolutionGuid = {8E2B579A-2DED-4B60-8DB7-909C4F6E348A}
	EndGlobalSection
EndGlobal
